
Microsoft Visual Studio Solution File, Format Version 12.00
# Visual Studio 2017
Project("{FAE04EC0-301F-11D3-BF4B-00C04F79EFBC}") = "TetrisAndroid - копия (2) - копия", "TetrisAndroid - копия (2) - копия.csproj", "{26DF459E-B1EB-6443-301B-32431D586292}"
EndProject
Global
	GlobalSection(SolutionConfigurationPlatforms) = preSolution
		Debug|Any CPU = Debug|Any CPU
		Release|Any CPU = Release|Any CPU
	EndGlobalSection
	GlobalSection(ProjectConfigurationPlatforms) = postSolution
		{26DF459E-B1EB-6443-301B-32431D586292}.Debug|Any CPU.ActiveCfg = Debug|Any CPU
		{26DF459E-B1EB-6443-301B-32431D586292}.Debug|Any CPU.Build.0 = Debug|Any CPU
		{26DF459E-B1EB-6443-301B-32431D586292}.Release|Any CPU.ActiveCfg = Release|Any CPU
		{26DF459E-B1EB-6443-301B-32431D586292}.Release|Any CPU.Build.0 = Release|Any CPU
	EndGlobalSection
	GlobalSection(SolutionProperties) = preSolution
		HideSolutionNode = FALSE
	EndGlobalSection
EndGlobal
